Microsoft Visual Studio Solution File, Format Version 12.00
# Visual Studio Version 17
VisualStudioVersion = 17.13.35919.96
MinimumVisualStudioVersion = 10.0.40219.1
Project("{FAE04EC0-301F-11D3-BF4B-00C04F79EFBC}") = "Chess", "Chess\Chess.csproj", "{901C8150-2E06-4E4B-AF8A-EA677A3D9270}"
EndProject
Global
	GlobalSection(SolutionConfigurationPlatforms) = preSolution
		Debug|Any CPU = Debug|Any CPU
		Release|Any CPU = Release|Any CPU
	EndGlobalSection
	GlobalSection(ProjectConfigurationPlatforms) = postSolution
		{901C8150-2E06-4E4B-AF8A-EA677A3D9270}.Debug|Any CPU.ActiveCfg = Debug|Any CPU
		{901C8150-2E06-4E4B-AF8A-EA677A3D9270}.Debug|Any CPU.Build.0 = Debug|Any CPU
		{901C8150-2E06-4E4B-AF8A-EA677A3D9270}.Release|Any CPU.ActiveCfg = Release|Any CPU
		{901C8150-2E06-4E4B-AF8A-EA677A3D9270}.Release|Any CPU.Build.0 = Release|Any CPU
	EndGlobalSection
	GlobalSection(SolutionProperties) = preSolution
		HideSolutionNode = FALSE
	EndGlobalSection
	GlobalSection(ExtensibilityGlobals) = postSolution
		SolutionGuid = {3FF2D365-E0E6-4350-9220-A0F903368E8A}
	EndGlobalSection
EndGlobal
